
Microsoft Visual Studio Solution File, Format Version 12.00
# Visual Studio Version 17
VisualStudioVersion = 17.14.37027.9 d17.14
MinimumVisualStudioVersion = 10.0.40219.1
Project("{888888A0-9F3D-457C-B088-3A5042F75D52}") = "AI_Lab7_1", "AI_Lab7_1\AI_Lab7_1.pyproj", "{9230D84B-D45E-4E55-9551-3B9244DD33EE}"
EndProject
Global
	GlobalSection(SolutionConfigurationPlatforms) = preSolution
		Debug|Any CPU = Debug|Any CPU
		Release|Any CPU = Release|Any CPU
	EndGlobalSection
	GlobalSection(ProjectConfigurationPlatforms) = postSolution
		{9230D84B-D45E-4E55-9551-3B9244DD33EE}.Debug|Any CPU.ActiveCfg = Debug|Any CPU
		{9230D84B-D45E-4E55-9551-3B9244DD33EE}.Release|Any CPU.ActiveCfg = Release|Any CPU
	EndGlobalSection
	GlobalSection(SolutionProperties) = preSolution
		HideSolutionNode = FALSE
	EndGlobalSection
	GlobalSection(ExtensibilityGlobals) = postSolution
		SolutionGuid = {05602DBE-5D6A-4F9E-BA21-87CBD1D22053}
	EndGlobalSection
EndGlobal
