
Microsoft Visual Studio Solution File, Format Version 12.00
# Visual Studio Version 17
VisualStudioVersion = 17.8.34330.188
MinimumVisualStudioVersion = 10.0.40219.1
Project("{888888A0-9F3D-457C-B088-3A5042F75D52}") = "AI.Lab1", "AI.Lab1\AI.Lab1.pyproj", "{DF452509-03D0-4B9F-9C93-F9544E9DB711}"
EndProject
Global
	GlobalSection(SolutionConfigurationPlatforms) = preSolution
		Debug|Any CPU = Debug|Any CPU
		Release|Any CPU = Release|Any CPU
	EndGlobalSection
	GlobalSection(ProjectConfigurationPlatforms) = postSolution
		{DF452509-03D0-4B9F-9C93-F9544E9DB711}.Debug|Any CPU.ActiveCfg = Debug|Any CPU
		{DF452509-03D0-4B9F-9C93-F9544E9DB711}.Release|Any CPU.ActiveCfg = Release|Any CPU
	EndGlobalSection
	GlobalSection(SolutionProperties) = preSolution
		HideSolutionNode = FALSE
	EndGlobalSection
	GlobalSection(ExtensibilityGlobals) = postSolution
		SolutionGuid = {18533607-F45C-4635-A166-184639F558F6}
	EndGlobalSection
EndGlobal
